
Microsoft Visual Studio Solution File, Format Version 12.00
# Visual Studio Version 17
VisualStudioVersion = 17.10.34916.146
MinimumVisualStudioVersion = 10.0.40219.1
Project("{FAE04EC0-301F-11D3-BF4B-00C04F79EFBC}") = "T2_SantaCruz_Jeferson", "T2_SantaCruz_Jeferson\T2_SantaCruz_Jeferson.csproj", "{92A31931-0FA0-4A61-ADFC-1302F0C8B5FD}"
EndProject
Global
	GlobalSection(SolutionConfigurationPlatforms) = preSolution
		Debug|Any CPU = Debug|Any CPU
		Release|Any CPU = Release|Any CPU
	EndGlobalSection
	GlobalSection(ProjectConfigurationPlatforms) = postSolution
		{92A31931-0FA0-4A61-ADFC-1302F0C8B5FD}.Debug|Any CPU.ActiveCfg = Debug|Any CPU
		{92A31931-0FA0-4A61-ADFC-1302F0C8B5FD}.Debug|Any CPU.Build.0 = Debug|Any CPU
		{92A31931-0FA0-4A61-ADFC-1302F0C8B5FD}.Release|Any CPU.ActiveCfg = Release|Any CPU
		{92A31931-0FA0-4A61-ADFC-1302F0C8B5FD}.Release|Any CPU.Build.0 = Release|Any CPU
	EndGlobalSection
	GlobalSection(SolutionProperties) = preSolution
		HideSolutionNode = FALSE
	EndGlobalSection
	GlobalSection(ExtensibilityGlobals) = postSolution
		SolutionGuid = {30E5C7DD-1E5A-4945-A8E3-E05585DB3D15}
	EndGlobalSection
EndGlobal
